// !$*UTF8*$!
{
	archiveVersion = 1;
	classes = {
	};
	objectVersion = 46;
	objects = {

/* Begin PBXBuildFile section */
		BBDCF0761ACA8446003352FD /* AppDelegate.swift in Sources */ = {isa = PBXBuildFile; fileRef = BBDCF0751ACA8446003352FD /* AppDelegate.swift */; };
		BBDCF0781ACA8446003352FD /* ViewController.swift in Sources */ = {isa = PBXBuildFile; fileRef = BBDCF0771ACA8446003352FD /* ViewController.swift */; };
		BBDCF07B1ACA8446003352FD /* Main.storyboard in Resources */ = {isa = PBXBuildFile; fileRef = BBDCF0791ACA8446003352FD /* Main.storyboard */; };
		BBDCF07D1ACA8446003352FD /* Images.xcassets in Resources */ = {isa = PBXBuildFile; fileRef = BBDCF07C1ACA8446003352FD /* Images.xcassets */; };
		BBDCF0801ACA8446003352FD /* LaunchScreen.xib in Resources */ = {isa = PBXBuildFile; fileRef = BBDCF07E1ACA8446003352FD /* LaunchScreen.xib */; };
		BBDCF08C1ACA8446003352FD /* SwiftFlowTests.swift in Sources */ = {isa = PBXBuildFile; fileRef = BBDCF08B1ACA8446003352FD /* SwiftFlowTests.swift */; };
		BBDCF0961ACA8CAB003352FD /* SwiftFlow.swift in Sources */ = {isa = PBXBuildFile; fileRef = BBDCF0951ACA8CAB003352FD /* SwiftFlow.swift */; };
		BBDCF09A1ACA8D40003352FD /* SwiftFlow.m in Sources */ = {isa = PBXBuildFile; fileRef = BBDCF0991ACA8D40003352FD /* SwiftFlow.m */; };
/* End PBXBuildFile section */

/* Begin PBXContainerItemProxy section */
		BBDCF0861ACA8446003352FD /* PBXContainerItemProxy */ = {
			isa = PBXContainerItemProxy;
			containerPortal = BBDCF0681ACA8446003352FD /* Project object */;
			proxyType = 1;
			remoteGlobalIDString = BBDCF06F1ACA8446003352FD;
			remoteInfo = SwiftFlow;
		};
/* End PBXContainerItemProxy section */

/* Begin PBXFileReference section */
		BBDCF0701ACA8446003352FD /* SwiftFlow.app */ = {isa = PBXFileReference; explicitFileType = wrapper.application; includeInIndex = 0; path = SwiftFlow.app; sourceTree = BUILT_PRODUCTS_DIR; };
		BBDCF0741ACA8446003352FD /* Info.plist */ = {isa = PBXFileReference; lastKnownFileType = text.plist.xml; path = Info.plist; sourceTree = "<group>"; };
		BBDCF0751ACA8446003352FD /* AppDelegate.swift */ = {isa = PBXFileReference; lastKnownFileType = sourcecode.swift; path = AppDelegate.swift; sourceTree = "<group>"; };
		BBDCF0771ACA8446003352FD /* ViewController.swift */ = {isa = PBXFileReference; lastKnownFileType = sourcecode.swift; path = ViewController.swift; sourceTree = "<group>"; };
		BBDCF07A1ACA8446003352FD /* Base */ = {isa = PBXFileReference; lastKnownFileType = file.storyboard; name = Base; path = Base.lproj/Main.storyboard; sourceTree = "<group>"; };
		BBDCF07C1ACA8446003352FD /* Images.xcassets */ = {isa = PBXFileReference; lastKnownFileType = folder.assetcatalog; path = Images.xcassets; sourceTree = "<group>"; };
		BBDCF07F1ACA8446003352FD /* Base */ = {isa = PBXFileReference; lastKnownFileType = file.xib; name = Base; path = Base.lproj/LaunchScreen.xib; sourceTree = "<group>"; };
		BBDCF0851ACA8446003352FD /* SwiftFlowTests.xctest */ = {isa = PBXFileReference; explicitFileType = wrapper.cfbundle; includeInIndex = 0; path = SwiftFlowTests.xctest; sourceTree = BUILT_PRODUCTS_DIR; };
		BBDCF08A1ACA8446003352FD /* Info.plist */ = {isa = PBXFileReference; lastKnownFileType = text.plist.xml; path = Info.plist; sourceTree = "<group>"; };
		BBDCF08B1ACA8446003352FD /* SwiftFlowTests.swift */ = {isa = PBXFileReference; lastKnownFileType = sourcecode.swift; path = SwiftFlowTests.swift; sourceTree = "<group>"; };
		BBDCF0951ACA8CAB003352FD /* SwiftFlow.swift */ = {isa = PBXFileReference; fileEncoding = 4; lastKnownFileType = sourcecode.swift; path = SwiftFlow.swift; sourceTree = SOURCE_ROOT; };
		BBDCF0971ACA8D3F003352FD /* SwiftFlow-Bridging-Header.h */ = {isa = PBXFileReference; lastKnownFileType = sourcecode.c.h; path = "SwiftFlow-Bridging-Header.h"; sourceTree = "<group>"; };
		BBDCF0981ACA8D40003352FD /* SwiftFlow.h */ = {isa = PBXFileReference; fileEncoding = 4; lastKnownFileType = sourcecode.c.h; path = SwiftFlow.h; sourceTree = SOURCE_ROOT; };
		BBDCF0991ACA8D40003352FD /* SwiftFlow.m */ = {isa = PBXFileReference; fileEncoding = 4; lastKnownFileType = sourcecode.c.objc; path = SwiftFlow.m; sourceTree = SOURCE_ROOT; };
		BBDCF09B1ACAA3DE003352FD /* README.md */ = {isa = PBXFileReference; fileEncoding = 4; lastKnownFileType = net.daringfireball.markdown; path = README.md; sourceTree = SOURCE_ROOT; };
/* End PBXFileReference section */

/* Begin PBXFrameworksBuildPhase section */
		BBDCF06D1ACA8446003352FD /* Frameworks */ = {
			isa = PBXFrameworksBuildPhase;
			buildActionMask = 2147483647;
			files = (
			);
			runOnlyForDeploymentPostprocessing = 0;
		};
		BBDCF0821ACA8446003352FD /* Frameworks */ = {
			isa = PBXFrameworksBuildPhase;
			buildActionMask = 2147483647;
			files = (
			);
			runOnlyForDeploymentPostprocessing = 0;
		};
/* End PBXFrameworksBuildPhase section */

/* Begin PBXGroup section */
		BBDCF0671ACA8446003352FD = {
			isa = PBXGroup;
			children = (
				BBDCF09B1ACAA3DE003352FD /* README.md */,
				BBDCF0721ACA8446003352FD /* SwiftFlow */,
				BBDCF0881ACA8446003352FD /* SwiftFlowTests */,
				BBDCF0711ACA8446003352FD /* Products */,
			);
			sourceTree = "<group>";
		};
		BBDCF0711ACA8446003352FD /* Products */ = {
			isa = PBXGroup;
			children = (
				BBDCF0701ACA8446003352FD /* SwiftFlow.app */,
				BBDCF0851ACA8446003352FD /* SwiftFlowTests.xctest */,
			);
			name = Products;
			sourceTree = "<group>";
		};
		BBDCF0721ACA8446003352FD /* SwiftFlow */ = {
			isa = PBXGroup;
			children = (
				BBDCF0981ACA8D40003352FD /* SwiftFlow.h */,
				BBDCF0991ACA8D40003352FD /* SwiftFlow.m */,
				BBDCF0951ACA8CAB003352FD /* SwiftFlow.swift */,
				BBDCF0751ACA8446003352FD /* AppDelegate.swift */,
				BBDCF0771ACA8446003352FD /* ViewController.swift */,
				BBDCF0791ACA8446003352FD /* Main.storyboard */,
				BBDCF07C1ACA8446003352FD /* Images.xcassets */,
				BBDCF07E1ACA8446003352FD /* LaunchScreen.xib */,
				BBDCF0731ACA8446003352FD /* Supporting Files */,
			);
			path = SwiftFlow;
			sourceTree = "<group>";
		};
		BBDCF0731ACA8446003352FD /* Supporting Files */ = {
			isa = PBXGroup;
			children = (
				BBDCF0971ACA8D3F003352FD /* SwiftFlow-Bridging-Header.h */,
				BBDCF0741ACA8446003352FD /* Info.plist */,
			);
			name = "Supporting Files";
			sourceTree = "<group>";
		};
		BBDCF0881ACA8446003352FD /* SwiftFlowTests */ = {
			isa = PBXGroup;
			children = (
				BBDCF08B1ACA8446003352FD /* SwiftFlowTests.swift */,
				BBDCF0891ACA8446003352FD /* Supporting Files */,
			);
			path = SwiftFlowTests;
			sourceTree = "<group>";
		};
		BBDCF0891ACA8446003352FD /* Supporting Files */ = {
			isa = PBXGroup;
			children = (
				BBDCF08A1ACA8446003352FD /* Info.plist */,
			);
			name = "Supporting Files";
			sourceTree = "<group>";
		};
/* End PBXGroup section */

/* Begin PBXNativeTarget section */
		BBDCF06F1ACA8446003352FD /* SwiftFlow */ = {
			isa = PBXNativeTarget;
			buildConfigurationList = BBDCF08F1ACA8446003352FD /* Build configuration list for PBXNativeTarget "SwiftFlow" */;
			buildPhases = (
				BBDCF06C1ACA8446003352FD /* Sources */,
				BBDCF06D1ACA8446003352FD /* Frameworks */,
				BBDCF06E1ACA8446003352FD /* Resources */,
			);
			buildRules = (
			);
			dependencies = (
			);
			name = SwiftFlow;
			productName = SwiftFlow;
			productReference = BBDCF0701ACA8446003352FD /* SwiftFlow.app */;
			productType = "com.apple.product-type.application";
		};
		BBDCF0841ACA8446003352FD /* SwiftFlowTests */ = {
			isa = PBXNativeTarget;
			buildConfigurationList = BBDCF0921ACA8446003352FD /* Build configuration list for PBXNativeTarget "SwiftFlowTests" */;
			buildPhases = (
				BBDCF0811ACA8446003352FD /* Sources */,
				BBDCF0821ACA8446003352FD /* Frameworks */,
				BBDCF0831ACA8446003352FD /* Resources */,
			);
			buildRules = (
			);
			dependencies = (
				BBDCF0871ACA8446003352FD /* PBXTargetDependency */,
			);
			name = SwiftFlowTests;
			productName = SwiftFlowTests;
			productReference = BBDCF0851ACA8446003352FD /* SwiftFlowTests.xctest */;
			productType = "com.apple.product-type.bundle.unit-test";
		};
/* End PBXNativeTarget section */

/* Begin PBXProject section */
		BBDCF0681ACA8446003352FD /* Project object */ = {
			isa = PBXProject;
			attributes = {
				LastSwiftUpdateCheck = 0700;
				LastUpgradeCheck = 0820;
				ORGANIZATIONNAME = "John Holdsworth";
				TargetAttributes = {
					BBDCF06F1ACA8446003352FD = {
						CreatedOnToolsVersion = 6.2;
						DevelopmentTeam = 9V5A8WE85E;
						LastSwiftMigration = 0820;
					};
					BBDCF0841ACA8446003352FD = {
						CreatedOnToolsVersion = 6.2;
						DevelopmentTeam = 9V5A8WE85E;
						LastSwiftMigration = 0820;
						TestTargetID = BBDCF06F1ACA8446003352FD;
					};
				};
			};
			buildConfigurationList = BBDCF06B1ACA8446003352FD /* Build configuration list for PBXProject "SwiftFlow" */;
			compatibilityVersion = "Xcode 3.2";
			developmentRegion = English;
			hasScannedForEncodings = 0;
			knownRegions = (
				en,
				Base,
			);
			mainGroup = BBDCF0671ACA8446003352FD;
			productRefGroup = BBDCF0711ACA8446003352FD /* Products */;
			projectDirPath = "";
			projectRoot = "";
			targets = (
				BBDCF06F1ACA8446003352FD /* SwiftFlow */,
				BBDCF0841ACA8446003352FD /* SwiftFlowTests */,
			);
		};
/* End PBXProject section */

/* Begin PBXResourcesBuildPhase section */
		BBDCF06E1ACA8446003352FD /* Resources */ = {
			isa = PBXResourcesBuildPhase;
			buildActionMask = 2147483647;
			files = (
				BBDCF07B1ACA8446003352FD /* Main.storyboard in Resources */,
				BBDCF0801ACA8446003352FD /* LaunchScreen.xib in Resources */,
				BBDCF07D1ACA8446003352FD /* Images.xcassets in Resources */,
			);
			runOnlyForDeploymentPostprocessing = 0;
		};
		BBDCF0831ACA8446003352FD /* Resources */ = {
			isa = PBXResourcesBuildPhase;
			buildActionMask = 2147483647;
			files = (
			);
			runOnlyForDeploymentPostprocessing = 0;
		};
/* End PBXResourcesBuildPhase section */

/* Begin PBXSourcesBuildPhase section */
		BBDCF06C1ACA8446003352FD /* Sources */ = {
			isa = PBXSourcesBuildPhase;
			buildActionMask = 2147483647;
			files = (
				BBDCF0781ACA8446003352FD /* ViewController.swift in Sources */,
				BBDCF09A1ACA8D40003352FD /* SwiftFlow.m in Sources */,
				BBDCF0961ACA8CAB003352FD /* SwiftFlow.swift in Sources */,
				BBDCF0761ACA8446003352FD /* AppDelegate.swift in Sources */,
			);
			runOnlyForDeploymentPostprocessing = 0;
		};
		BBDCF0811ACA8446003352FD /* Sources */ = {
			isa = PBXSourcesBuildPhase;
			buildActionMask = 2147483647;
			files = (
				BBDCF08C1ACA8446003352FD /* SwiftFlowTests.swift in Sources */,
			);
			runOnlyForDeploymentPostprocessing = 0;
		};
/* End PBXSourcesBuildPhase section */

/* Begin PBXTargetDependency section */
		BBDCF0871ACA8446003352FD /* PBXTargetDependency */ = {
			isa = PBXTargetDependency;
			target = BBDCF06F1ACA8446003352FD /* SwiftFlow */;
			targetProxy = BBDCF0861ACA8446003352FD /* PBXContainerItemProxy */;
		};
/* End PBXTargetDependency section */

/* Begin PBXVariantGroup section */
		BBDCF0791ACA8446003352FD /* Main.storyboard */ = {
			isa = PBXVariantGroup;
			children = (
				BBDCF07A1ACA8446003352FD /* Base */,
			);
			name = Main.storyboard;
			sourceTree = "<group>";
		};
		BBDCF07E1ACA8446003352FD /* LaunchScreen.xib */ = {
			isa = PBXVariantGroup;
			children = (
				BBDCF07F1ACA8446003352FD /* Base */,
			);
			name = LaunchScreen.xib;
			sourceTree = "<group>";
		};
/* End PBXVariantGroup section */

/* Begin XCBuildConfiguration section */
		BBDCF08D1ACA8446003352FD /* Debug */ = {
			isa = XCBuildConfiguration;
			buildSettings = {
				ALWAYS_SEARCH_USER_PATHS = NO;
				CLANG_CXX_LANGUAGE_STANDARD = "gnu++0x";
				CLANG_CXX_LIBRARY = "libc++";
				CLANG_ENABLE_MODULES = YES;
				CLANG_ENABLE_OBJC_ARC = YES;
				CLANG_WARN_BOOL_CONVERSION = YES;
				CLANG_WARN_CONSTANT_CONVERSION = YES;
				CLANG_WARN_DIRECT_OBJC_ISA_USAGE = YES_ERROR;
				CLANG_WARN_EMPTY_BODY = YES;
				CLANG_WARN_ENUM_CONVERSION = YES;
				CLANG_WARN_INFINITE_RECURSION = YES;
				CLANG_WARN_INT_CONVERSION = YES;
				CLANG_WARN_OBJC_ROOT_CLASS = YES_ERROR;
				CLANG_WARN_SUSPICIOUS_MOVE = YES;
				CLANG_WARN_UNREACHABLE_CODE = YES;
				CLANG_WARN__DUPLICATE_METHOD_MATCH = YES;
				"CODE_SIGN_IDENTITY[sdk=iphoneos*]" = "iPhone Developer";
				COPY_PHASE_STRIP = NO;
				ENABLE_STRICT_OBJC_MSGSEND = YES;
				ENABLE_TESTABILITY = YES;
				GCC_C_LANGUAGE_STANDARD = gnu99;
				GCC_DYNAMIC_NO_PIC = NO;
				GCC_NO_COMMON_BLOCKS = YES;
				GCC_OPTIMIZATION_LEVEL = 0;
				GCC_PREPROCESSOR_DEFINITIONS = (
					"DEBUG=1",
					"$(inherited)",
				);
				GCC_SYMBOLS_PRIVATE_EXTERN = NO;
				GCC_WARN_64_TO_32_BIT_CONVERSION = YES;
				GCC_WARN_ABOUT_RETURN_TYPE = YES_ERROR;
				GCC_WARN_UNDECLARED_SELECTOR = YES;
				GCC_WARN_UNINITIALIZED_AUTOS = YES_AGGRESSIVE;
				GCC_WARN_UNUSED_FUNCTION = YES;
				GCC_WARN_UNUSED_VARIABLE = YES;
				IPHONEOS_DEPLOYMENT_TARGET = 8.0;
				MTL_ENABLE_DEBUG_INFO = YES;
				ONLY_ACTIVE_ARCH = YES;
				SDKROOT = iphoneos;
				SWIFT_OPTIMIZATION_LEVEL = "-Onone";
				TARGETED_DEVICE_FAMILY = "1,2";
			};
			name = Debug;
		};
		BBDCF08E1ACA8446003352FD /* Release */ = {
			isa = XCBuildConfiguration;
			buildSettings = {
				ALWAYS_SEARCH_USER_PATHS = NO;
				CLANG_CXX_LANGUAGE_STANDARD = "gnu++0x";
				CLANG_CXX_LIBRARY = "libc++";
				CLANG_ENABLE_MODULES = YES;
				CLANG_ENABLE_OBJC_ARC = YES;
				CLANG_WARN_BOOL_CONVERSION = YES;
				CLANG_WARN_CONSTANT_CONVERSION = YES;
				CLANG_WARN_DIRECT_OBJC_ISA_USAGE = YES_ERROR;
				CLANG_WARN_EMPTY_BODY = YES;
				CLANG_WARN_ENUM_CONVERSION = YES;
				CLANG_WARN_INFINITE_RECURSION = YES;
				CLANG_WARN_INT_CONVERSION = YES;
				CLANG_WARN_OBJC_ROOT_CLASS = YES_ERROR;
				CLANG_WARN_SUSPICIOUS_MOVE = YES;
				CLANG_WARN_UNREACHABLE_CODE = YES;
				CLANG_WARN__DUPLICATE_METHOD_MATCH = YES;
				"CODE_SIGN_IDENTITY[sdk=iphoneos*]" = "iPhone Developer";
				COPY_PHASE_STRIP = NO;
				ENABLE_NS_ASSERTIONS = NO;
				ENABLE_STRICT_OBJC_MSGSEND = YES;
				GCC_C_LANGUAGE_STANDARD = gnu99;
				GCC_NO_COMMON_BLOCKS = YES;
				GCC_WARN_64_TO_32_BIT_CONVERSION = YES;
				GCC_WARN_ABOUT_RETURN_TYPE = YES_ERROR;
				GCC_WARN_UNDECLARED_SELECTOR = YES;
				GCC_WARN_UNINITIALIZED_AUTOS = YES_AGGRESSIVE;
				GCC_WARN_UNUSED_FUNCTION = YES;
				GCC_WARN_UNUSED_VARIABLE = YES;
				IPHONEOS_DEPLOYMENT_TARGET = 8.0;
				MTL_ENABLE_DEBUG_INFO = NO;
				SDKROOT = iphoneos;
				SWIFT_OPTIMIZATION_LEVEL = "-Owholemodule";
				TARGETED_DEVICE_FAMILY = "1,2";
				VALIDATE_PRODUCT = YES;
			};
			name = Release;
		};
		BBDCF0901ACA8446003352FD /* Debug */ = {
			isa = XCBuildConfiguration;
			buildSettings = {
				ASSETCATALOG_COMPILER_APPICON_NAME = AppIcon;
				CLANG_ENABLE_MODULES = YES;
				DEVELOPMENT_TEAM = 9V5A8WE85E;
				INFOPLIST_FILE = SwiftFlow/Info.plist;
				LD_RUNPATH_SEARCH_PATHS = "$(inherited) @executable_path/Frameworks";
				PRODUCT_BUNDLE_IDENTIFIER = "com.johnholdsworth.$(PRODUCT_NAME:rfc1034identifier)";
				PRODUCT_NAME = SwiftFlow;
				SWIFT_OBJC_BRIDGING_HEADER = "SwiftFlow/SwiftFlow-Bridging-Header.h";
				SWIFT_OPTIMIZATION_LEVEL = "-Onone";
				SWIFT_VERSION = 3.0;
			};
			name = Debug;
		};
		BBDCF0911ACA8446003352FD /* Release */ = {
			isa = XCBuildConfiguration;
			buildSettings = {
				ASSETCATALOG_COMPILER_APPICON_NAME = AppIcon;
				CLANG_ENABLE_MODULES = YES;
				DEVELOPMENT_TEAM = 9V5A8WE85E;
				INFOPLIST_FILE = SwiftFlow/Info.plist;
				LD_RUNPATH_SEARCH_PATHS = "$(inherited) @executable_path/Frameworks";
				PRODUCT_BUNDLE_IDENTIFIER = "com.johnholdsworth.$(PRODUCT_NAME:rfc1034identifier)";
				PRODUCT_NAME = SwiftFlow;
				SWIFT_OBJC_BRIDGING_HEADER = "SwiftFlow/SwiftFlow-Bridging-Header.h";
				SWIFT_VERSION = 3.0;
			};
			name = Release;
		};
		BBDCF0931ACA8446003352FD /* Debug */ = {
			isa = XCBuildConfiguration;
			buildSettings = {
				BUNDLE_LOADER = "$(TEST_HOST)";
				DEVELOPMENT_TEAM = 9V5A8WE85E;
				FRAMEWORK_SEARCH_PATHS = (
					"$(SDKROOT)/Developer/Library/Frameworks",
					"$(inherited)",
				);
				GCC_PREPROCESSOR_DEFINITIONS = (
					"DEBUG=1",
					"$(inherited)",
				);
				INFOPLIST_FILE = SwiftFlowTests/Info.plist;
				LD_RUNPATH_SEARCH_PATHS = "$(inherited) @executable_path/Frameworks @loader_path/Frameworks";
				PRODUCT_BUNDLE_IDENTIFIER = "com.johnholdsworth.$(PRODUCT_NAME:rfc1034identifier)";
				PRODUCT_NAME = SwiftFlowTests;
				SWIFT_VERSION = 3.0;
				TEST_HOST = "$(BUILT_PRODUCTS_DIR)/SwiftFlow.app/SwiftFlow";
			};
			name = Debug;
		};
		BBDCF0941ACA8446003352FD /* Release */ = {
			isa = XCBuildConfiguration;
			buildSettings = {
				BUNDLE_LOADER = "$(TEST_HOST)";
				DEVELOPMENT_TEAM = 9V5A8WE85E;
				FRAMEWORK_SEARCH_PATHS = (
					"$(SDKROOT)/Developer/Library/Frameworks",
					"$(inherited)",
				);
				INFOPLIST_FILE = SwiftFlowTests/Info.plist;
				LD_RUNPATH_SEARCH_PATHS = "$(inherited) @executable_path/Frameworks @loader_path/Frameworks";
				PRODUCT_BUNDLE_IDENTIFIER = "com.johnholdsworth.$(PRODUCT_NAME:rfc1034identifier)";
				PRODUCT_NAME = SwiftFlowTests;
				SWIFT_VERSION = 3.0;
				TEST_HOST = "$(BUILT_PRODUCTS_DIR)/SwiftFlow.app/SwiftFlow";
			};
			name = Release;
		};
/* End XCBuildConfiguration section */

/* Begin XCConfigurationList section */
		BBDCF06B1ACA8446003352FD /* Build configuration list for PBXProject "SwiftFlow" */ = {
			isa = XCConfigurationList;
			buildConfigurations = (
				BBDCF08D1ACA8446003352FD /* Debug */,
				BBDCF08E1ACA8446003352FD /* Release */,
			);
			defaultConfigurationIsVisible = 0;
			defaultConfigurationName = Release;
		};
		BBDCF08F1ACA8446003352FD /* Build configuration list for PBXNativeTarget "SwiftFlow" */ = {
			isa = XCConfigurationList;
			buildConfigurations = (
				BBDCF0901ACA8446003352FD /* Debug */,
				BBDCF0911ACA8446003352FD /* Release */,
			);
			defaultConfigurationIsVisible = 0;
			defaultConfigurationName = Release;
		};
		BBDCF0921ACA8446003352FD /* Build configuration list for PBXNativeTarget "SwiftFlowTests" */ = {
			isa = XCConfigurationList;
			buildConfigurations = (
				BBDCF0931ACA8446003352FD /* Debug */,
				BBDCF0941ACA8446003352FD /* Release */,
			);
			defaultConfigurationIsVisible = 0;
			defaultConfigurationName = Release;
		};
/* End XCConfigurationList section */
	};
	rootObject = BBDCF0681ACA8446003352FD /* Project object */;
}
